
Microsoft Visual Studio Solution File, Format Version 12.00
# Visual Studio Version 17
VisualStudioVersion = 17.5.002.0
MinimumVisualStudioVersion = 10.0.40219.1
Project("{9A19103F-16F7-4668-BE54-9A1E7A4F7556}") = "ProyectoFinal", "ProyectoFinal.csproj", "{A7B462AD-1178-4A59-83D9-E5BC5A467B83}"
EndProject
Global
	GlobalSection(SolutionConfigurationPlatforms) = preSolution
		Debug|Any CPU = Debug|Any CPU
		Release|Any CPU = Release|Any CPU
	EndGlobalSection
	GlobalSection(ProjectConfigurationPlatforms) = postSolution
		{A7B462AD-1178-4A59-83D9-E5BC5A467B83}.Debug|Any CPU.ActiveCfg = Debug|Any CPU
		{A7B462AD-1178-4A59-83D9-E5BC5A467B83}.Debug|Any CPU.Build.0 = Debug|Any CPU
		{A7B462AD-1178-4A59-83D9-E5BC5A467B83}.Release|Any CPU.ActiveCfg = Release|Any CPU
		{A7B462AD-1178-4A59-83D9-E5BC5A467B83}.Release|Any CPU.Build.0 = Release|Any CPU
	EndGlobalSection
	GlobalSection(SolutionProperties) = preSolution
		HideSolutionNode = FALSE
	EndGlobalSection
	GlobalSection(ExtensibilityGlobals) = postSolution
		SolutionGuid = {CD99E298-A00A-49DF-B50B-96E3E71CED9E}
	EndGlobalSection
EndGlobal
